
Microsoft Visual Studio Solution File, Format Version 12.00
# Visual Studio Version 17
VisualStudioVersion = 17.2.32630.192
MinimumVisualStudioVersion = 10.0.40219.1
Project("{FAE04EC0-301F-11D3-BF4B-00C04F79EFBC}") = "WEB_API10", "WEB_API10\WEB_API10.csproj", "{3F3A7C7C-753D-48D2-90C1-5798AC9BB07D}"
EndProject
Global
	GlobalSection(SolutionConfigurationPlatforms) = preSolution
		Debug|Any CPU = Debug|Any CPU
		Release|Any CPU = Release|Any CPU
	EndGlobalSection
	GlobalSection(ProjectConfigurationPlatforms) = postSolution
		{3F3A7C7C-753D-48D2-90C1-5798AC9BB07D}.Debug|Any CPU.ActiveCfg = Debug|Any CPU
		{3F3A7C7C-753D-48D2-90C1-5798AC9BB07D}.Debug|Any CPU.Build.0 = Debug|Any CPU
		{3F3A7C7C-753D-48D2-90C1-5798AC9BB07D}.Release|Any CPU.ActiveCfg = Release|Any CPU
		{3F3A7C7C-753D-48D2-90C1-5798AC9BB07D}.Release|Any CPU.Build.0 = Release|Any CPU
	EndGlobalSection
	GlobalSection(SolutionProperties) = preSolution
		HideSolutionNode = FALSE
	EndGlobalSection
	GlobalSection(ExtensibilityGlobals) = postSolution
		SolutionGuid = {6AA9E8C5-D269-4BEE-9A17-1312A4BC144F}
	EndGlobalSection
EndGlobal
